
Microsoft Visual Studio Solution File, Format Version 12.00
# Visual Studio 15
VisualStudioVersion = 15.0.28010.2048
MinimumVisualStudioVersion = 10.0.40219.1
Project("{FAE04EC0-301F-11D3-BF4B-00C04F79EFBC}") = "Testing", "Testing\Testing.csproj", "{28FBA2A0-1D05-4D1B-9EBB-411EF4871724}"
EndProject
Global
	GlobalSection(SolutionConfigurationPlatforms) = preSolution
		Debug|Any CPU = Debug|Any CPU
		Release|Any CPU = Release|Any CPU
	EndGlobalSection
	GlobalSection(ProjectConfigurationPlatforms) = postSolution
		{28FBA2A0-1D05-4D1B-9EBB-411EF4871724}.Debug|Any CPU.ActiveCfg = Debug|Any CPU
		{28FBA2A0-1D05-4D1B-9EBB-411EF4871724}.Debug|Any CPU.Build.0 = Debug|Any CPU
		{28FBA2A0-1D05-4D1B-9EBB-411EF4871724}.Release|Any CPU.ActiveCfg = Release|Any CPU
		{28FBA2A0-1D05-4D1B-9EBB-411EF4871724}.Release|Any CPU.Build.0 = Release|Any CPU
	EndGlobalSection
	GlobalSection(SolutionProperties) = preSolution
		HideSolutionNode = FALSE
	EndGlobalSection
	GlobalSection(ExtensibilityGlobals) = postSolution
		SolutionGuid = {EBBFE0A5-30E5-41C0-883C-B3690138B123}
	EndGlobalSection
EndGlobal
